
Microsoft Visual Studio Solution File, Format Version 12.00
# Visual Studio 15
VisualStudioVersion = 15.0.28010.2050
MinimumVisualStudioVersion = 10.0.40219.1
Project("{FAE04EC0-301F-11D3-BF4B-00C04F79EFBC}") = "ASPRoutingTests", "ASPRoutingTests\ASPRoutingTests.csproj", "{2195357B-0EDB-4EE4-BCA4-2AF6E34B22C0}"
EndProject
Global
	GlobalSection(SolutionConfigurationPlatforms) = preSolution
		Debug|Any CPU = Debug|Any CPU
		Release|Any CPU = Release|Any CPU
	EndGlobalSection
	GlobalSection(ProjectConfigurationPlatforms) = postSolution
		{2195357B-0EDB-4EE4-BCA4-2AF6E34B22C0}.Debug|Any CPU.ActiveCfg = Debug|Any CPU
		{2195357B-0EDB-4EE4-BCA4-2AF6E34B22C0}.Debug|Any CPU.Build.0 = Debug|Any CPU
		{2195357B-0EDB-4EE4-BCA4-2AF6E34B22C0}.Release|Any CPU.ActiveCfg = Release|Any CPU
		{2195357B-0EDB-4EE4-BCA4-2AF6E34B22C0}.Release|Any CPU.Build.0 = Release|Any CPU
	EndGlobalSection
	GlobalSection(SolutionProperties) = preSolution
		HideSolutionNode = FALSE
	EndGlobalSection
	GlobalSection(ExtensibilityGlobals) = postSolution
		SolutionGuid = {D39D0EAA-86D3-46E8-8805-46ED38B1475D}
	EndGlobalSection
EndGlobal
